
Microsoft Visual Studio Solution File, Format Version 12.00
# Visual Studio Version 17
VisualStudioVersion = 17.14.36121.58
MinimumVisualStudioVersion = 10.0.40219.1
Project("{FAE04EC0-301F-11D3-BF4B-00C04F79EFBC}") = "BingMyWallpaper", "BingMyWallpaper\BingMyWallpaper.csproj", "{07587908-D1DD-4446-9ED7-2465E7A856EF}"
EndProject
Global
	GlobalSection(SolutionConfigurationPlatforms) = preSolution
		Debug|Any CPU = Debug|Any CPU
		Debug|x64 = Debug|x64
		Release|Any CPU = Release|Any CPU
		Release|x64 = Release|x64
	EndGlobalSection
	GlobalSection(ProjectConfigurationPlatforms) = postSolution
		{07587908-D1DD-4446-9ED7-2465E7A856EF}.Debug|Any CPU.ActiveCfg = Debug|Any CPU
		{07587908-D1DD-4446-9ED7-2465E7A856EF}.Debug|Any CPU.Build.0 = Debug|Any CPU
		{07587908-D1DD-4446-9ED7-2465E7A856EF}.Debug|x64.ActiveCfg = Debug|x64
		{07587908-D1DD-4446-9ED7-2465E7A856EF}.Debug|x64.Build.0 = Debug|x64
		{07587908-D1DD-4446-9ED7-2465E7A856EF}.Release|Any CPU.ActiveCfg = Release|Any CPU
		{07587908-D1DD-4446-9ED7-2465E7A856EF}.Release|Any CPU.Build.0 = Release|Any CPU
		{07587908-D1DD-4446-9ED7-2465E7A856EF}.Release|x64.ActiveCfg = Release|x64
		{07587908-D1DD-4446-9ED7-2465E7A856EF}.Release|x64.Build.0 = Release|x64
	EndGlobalSection
	GlobalSection(SolutionProperties) = preSolution
		HideSolutionNode = FALSE
	EndGlobalSection
	GlobalSection(ExtensibilityGlobals) = postSolution
		SolutionGuid = {994906E2-9DBC-4EEC-A825-AFF4D0D54309}
	EndGlobalSection
EndGlobal
